
Microsoft Visual Studio Solution File, Format Version 12.00
# Visual Studio Version 17
VisualStudioVersion = 17.5.33530.505
MinimumVisualStudioVersion = 10.0.40219.1
Project("{FAE04EC0-301F-11D3-BF4B-00C04F79EFBC}") = "toDoList", "toDoList\toDoList.csproj", "{E6801411-2E13-4719-94E4-6DDB90D35FE6}"
EndProject
Global
	GlobalSection(SolutionConfigurationPlatforms) = preSolution
		Debug|Any CPU = Debug|Any CPU
		Release|Any CPU = Release|Any CPU
	EndGlobalSection
	GlobalSection(ProjectConfigurationPlatforms) = postSolution
		{E6801411-2E13-4719-94E4-6DDB90D35FE6}.Debug|Any CPU.ActiveCfg = Debug|Any CPU
		{E6801411-2E13-4719-94E4-6DDB90D35FE6}.Debug|Any CPU.Build.0 = Debug|Any CPU
		{E6801411-2E13-4719-94E4-6DDB90D35FE6}.Release|Any CPU.ActiveCfg = Release|Any CPU
		{E6801411-2E13-4719-94E4-6DDB90D35FE6}.Release|Any CPU.Build.0 = Release|Any CPU
	EndGlobalSection
	GlobalSection(SolutionProperties) = preSolution
		HideSolutionNode = FALSE
	EndGlobalSection
	GlobalSection(ExtensibilityGlobals) = postSolution
		SolutionGuid = {60EDFF55-B25E-4925-8EF6-939A7EDAD125}
	EndGlobalSection
EndGlobal
